
Microsoft Visual Studio Solution File, Format Version 12.00
# Visual Studio Version 17
VisualStudioVersion = 17.3.32922.545
MinimumVisualStudioVersion = 10.0.40219.1
Project("{FAE04EC0-301F-11D3-BF4B-00C04F79EFBC}") = "Task1", "Task1.csproj", "{55F4109F-A274-4485-9A59-71947303F091}"
EndProject
Project("{FAE04EC0-301F-11D3-BF4B-00C04F79EFBC}") = "Task2", "Task2\Task2.csproj", "{FCD9E9CA-D45B-44B0-982B-04300C493FA9}"
EndProject
Global
	GlobalSection(SolutionConfigurationPlatforms) = preSolution
		Debug|Any CPU = Debug|Any CPU
		Release|Any CPU = Release|Any CPU
	EndGlobalSection
	GlobalSection(ProjectConfigurationPlatforms) = postSolution
		{55F4109F-A274-4485-9A59-71947303F091}.Debug|Any CPU.ActiveCfg = Debug|Any CPU
		{55F4109F-A274-4485-9A59-71947303F091}.Debug|Any CPU.Build.0 = Debug|Any CPU
		{55F4109F-A274-4485-9A59-71947303F091}.Release|Any CPU.ActiveCfg = Release|Any CPU
		{55F4109F-A274-4485-9A59-71947303F091}.Release|Any CPU.Build.0 = Release|Any CPU
		{FCD9E9CA-D45B-44B0-982B-04300C493FA9}.Debug|Any CPU.ActiveCfg = Debug|Any CPU
		{FCD9E9CA-D45B-44B0-982B-04300C493FA9}.Debug|Any CPU.Build.0 = Debug|Any CPU
		{FCD9E9CA-D45B-44B0-982B-04300C493FA9}.Release|Any CPU.ActiveCfg = Release|Any CPU
		{FCD9E9CA-D45B-44B0-982B-04300C493FA9}.Release|Any CPU.Build.0 = Release|Any CPU
	EndGlobalSection
	GlobalSection(SolutionProperties) = preSolution
		HideSolutionNode = FALSE
	EndGlobalSection
	GlobalSection(ExtensibilityGlobals) = postSolution
		SolutionGuid = {57B68B9C-713C-4931-9757-4688E26E535B}
	EndGlobalSection
EndGlobal
